
Microsoft Visual Studio Solution File, Format Version 12.00
# Visual Studio Version 16
VisualStudioVersion = 16.0.32126.315
MinimumVisualStudioVersion = 10.0.40219.1
Project("{8BC9CEB8-8B4A-11D0-8D11-00A0C91BC942}") = "Pong", "Pong.vcxproj", "{BEFC3EE8-4743-4E4B-8DA8-B3798AB347A5}"
EndProject
Global
	GlobalSection(SolutionConfigurationPlatforms) = preSolution
		Debug|x64 = Debug|x64
		Debug|x86 = Debug|x86
		Release|x64 = Release|x64
		Release|x86 = Release|x86
	EndGlobalSection
	GlobalSection(ProjectConfigurationPlatforms) = postSolution
		{BEFC3EE8-4743-4E4B-8DA8-B3798AB347A5}.Debug|x64.ActiveCfg = Debug|x64
		{BEFC3EE8-4743-4E4B-8DA8-B3798AB347A5}.Debug|x64.Build.0 = Debug|x64
		{BEFC3EE8-4743-4E4B-8DA8-B3798AB347A5}.Debug|x86.ActiveCfg = Debug|Win32
		{BEFC3EE8-4743-4E4B-8DA8-B3798AB347A5}.Debug|x86.Build.0 = Debug|Win32
		{BEFC3EE8-4743-4E4B-8DA8-B3798AB347A5}.Release|x64.ActiveCfg = Release|x64
		{BEFC3EE8-4743-4E4B-8DA8-B3798AB347A5}.Release|x64.Build.0 = Release|x64
		{BEFC3EE8-4743-4E4B-8DA8-B3798AB347A5}.Release|x86.ActiveCfg = Release|Win32
		{BEFC3EE8-4743-4E4B-8DA8-B3798AB347A5}.Release|x86.Build.0 = Release|Win32
	EndGlobalSection
	GlobalSection(SolutionProperties) = preSolution
		HideSolutionNode = FALSE
	EndGlobalSection
	GlobalSection(ExtensibilityGlobals) = postSolution
		SolutionGuid = {F1CBFEB8-C535-46A5-83A9-7AE964C043B3}
	EndGlobalSection
EndGlobal
